# This file is automatically @generated by Cargo.
# It is not intended for manual editing.
version = 4

[[package]]
name = "opengen-analysis"
version = "0.1.0"
dependencies = [
 "opengen-compile",
 "opengen-testkit",
]

[[package]]
name = "opengen-compile"
version = "0.1.0"
dependencies = [
 "opengen-ir",
 "opengen-ops",
]

[[package]]
name = "opengen-genexpr"
version = "0.1.0"
dependencies = [
 "opengen-compile",
 "opengen-ir",
 "opengen-ops",
 "opengen-testkit",
]

[[package]]
name = "opengen-ir"
version = "0.1.0"

[[package]]
name = "opengen-ops"
version = "0.1.0"
dependencies = [
 "opengen-ir",
 "opengen-testkit",
]

[[package]]
name = "opengen-testkit"
version = "0.1.0"
dependencies = [
 "opengen-compile",
 "opengen-genexpr",
 "opengen-ops",
]
